
Microsoft Visual Studio Solution File, Format Version 12.00
# Visual Studio Version 17
VisualStudioVersion = 17.11.35303.130
MinimumVisualStudioVersion = 10.0.40219.1
Project("{FAE04EC0-301F-11D3-BF4B-00C04F79EFBC}") = "Bitbound.Blazor.ServiceProxyGenerator", "Bitbound.Blazor.ServiceProxyGenerator\Bitbound.Blazor.ServiceProxyGenerator.csproj", "{53B7BF78-9DA0-416F-A06D-12F445062E4C}"
EndProject
Project("{2150E333-8FDC-42A3-9474-1A3956D46DE8}") = "Solution Items", "Solution Items", "{5E0A1305-E8AD-44F3-9E50-9DA9D8622597}"
	ProjectSection(SolutionItems) = preProject
		.editorconfig = .editorconfig
	EndProjectSection
EndProject
Project("{FAE04EC0-301F-11D3-BF4B-00C04F79EFBC}") = "Bitbound.Blazor.ServiceProxyGenerator.Tests", "Bitbound.Blazor.ServiceProxyGenerator.Tests\Bitbound.Blazor.ServiceProxyGenerator.Tests.csproj", "{513492DD-A2CA-45A0-A78B-B47660530EB9}"
EndProject
Global
	GlobalSection(SolutionConfigurationPlatforms) = preSolution
		Debug|Any CPU = Debug|Any CPU
		Release|Any CPU = Release|Any CPU
	EndGlobalSection
	GlobalSection(ProjectConfigurationPlatforms) = postSolution
		{53B7BF78-9DA0-416F-A06D-12F445062E4C}.Debug|Any CPU.ActiveCfg = Debug|Any CPU
		{53B7BF78-9DA0-416F-A06D-12F445062E4C}.Debug|Any CPU.Build.0 = Debug|Any CPU
		{53B7BF78-9DA0-416F-A06D-12F445062E4C}.Release|Any CPU.ActiveCfg = Release|Any CPU
		{53B7BF78-9DA0-416F-A06D-12F445062E4C}.Release|Any CPU.Build.0 = Release|Any CPU
		{513492DD-A2CA-45A0-A78B-B47660530EB9}.Debug|Any CPU.ActiveCfg = Debug|Any CPU
		{513492DD-A2CA-45A0-A78B-B47660530EB9}.Debug|Any CPU.Build.0 = Debug|Any CPU
		{513492DD-A2CA-45A0-A78B-B47660530EB9}.Release|Any CPU.ActiveCfg = Release|Any CPU
		{513492DD-A2CA-45A0-A78B-B47660530EB9}.Release|Any CPU.Build.0 = Release|Any CPU
	EndGlobalSection
	GlobalSection(SolutionProperties) = preSolution
		HideSolutionNode = FALSE
	EndGlobalSection
	GlobalSection(ExtensibilityGlobals) = postSolution
		SolutionGuid = {5F3FCA3D-38E2-4CEF-B2A6-A2D36BA54363}
	EndGlobalSection
EndGlobal
